
Microsoft Visual Studio Solution File, Format Version 12.00
# Visual Studio Version 17
VisualStudioVersion = 17.10.35027.167
MinimumVisualStudioVersion = 10.0.40219.1
Project("{9A19103F-16F7-4668-BE54-9A1E7A4F7556}") = "ShapeLib", "ShapeLib.csproj", "{0FEA4CF8-4992-4AFC-94C9-767F58E0D5D4}"
EndProject
Project("{9A19103F-16F7-4668-BE54-9A1E7A4F7556}") = "TestProject1", "..\TestProject1\TestProject1.csproj", "{B41EEFD5-2308-402D-9E91-ED4B0881B5C1}"
EndProject
Global
	GlobalSection(SolutionConfigurationPlatforms) = preSolution
		Debug|Any CPU = Debug|Any CPU
		Release|Any CPU = Release|Any CPU
	EndGlobalSection
	GlobalSection(ProjectConfigurationPlatforms) = postSolution
		{0FEA4CF8-4992-4AFC-94C9-767F58E0D5D4}.Debug|Any CPU.ActiveCfg = Debug|Any CPU
		{0FEA4CF8-4992-4AFC-94C9-767F58E0D5D4}.Debug|Any CPU.Build.0 = Debug|Any CPU
		{0FEA4CF8-4992-4AFC-94C9-767F58E0D5D4}.Release|Any CPU.ActiveCfg = Release|Any CPU
		{0FEA4CF8-4992-4AFC-94C9-767F58E0D5D4}.Release|Any CPU.Build.0 = Release|Any CPU
		{B41EEFD5-2308-402D-9E91-ED4B0881B5C1}.Debug|Any CPU.ActiveCfg = Debug|Any CPU
		{B41EEFD5-2308-402D-9E91-ED4B0881B5C1}.Debug|Any CPU.Build.0 = Debug|Any CPU
		{B41EEFD5-2308-402D-9E91-ED4B0881B5C1}.Release|Any CPU.ActiveCfg = Release|Any CPU
		{B41EEFD5-2308-402D-9E91-ED4B0881B5C1}.Release|Any CPU.Build.0 = Release|Any CPU
	EndGlobalSection
	GlobalSection(SolutionProperties) = preSolution
		HideSolutionNode = FALSE
	EndGlobalSection
	GlobalSection(ExtensibilityGlobals) = postSolution
		SolutionGuid = {0581308D-C4C8-44E7-8AF1-254F62F512AD}
	EndGlobalSection
EndGlobal
